// !$*UTF8*$!
{
	archiveVersion = 1;
	classes = {
	};
	objectVersion = 51;
	objects = {

/* Begin PBXBuildFile section */
		4B32D66323AEADC900D97A58 /* RepoTableViewCell.swift in Sources */ = {isa = PBXBuildFile; fileRef = 4B32D66223AEADC900D97A58 /* RepoTableViewCell.swift */; };
		4B32D66623AF652300D97A58 /* HTTPClient.swift in Sources */ = {isa = PBXBuildFile; fileRef = 4B32D66523AF652300D97A58 /* HTTPClient.swift */; };
		4B32D66B23AFAE0F00D97A58 /* MainResponse.swift in Sources */ = {isa = PBXBuildFile; fileRef = 4B32D66A23AFAE0F00D97A58 /* MainResponse.swift */; };
		4B32D66D23AFAE2C00D97A58 /* RepoResponse.swift in Sources */ = {isa = PBXBuildFile; fileRef = 4B32D66C23AFAE2C00D97A58 /* RepoResponse.swift */; };
		4B32D66F23AFAE4A00D97A58 /* OwnerResponse.swift in Sources */ = {isa = PBXBuildFile; fileRef = 4B32D66E23AFAE4A00D97A58 /* OwnerResponse.swift */; };
		4B32D67123AFB7C400D97A58 /* ReposListViewModel.swift in Sources */ = {isa = PBXBuildFile; fileRef = 4B32D67023AFB7C400D97A58 /* ReposListViewModel.swift */; };
		4B32D67423AFDD1300D97A58 /* ImageLoader.swift in Sources */ = {isa = PBXBuildFile; fileRef = 4B32D67323AFDD1300D97A58 /* ImageLoader.swift */; };
		4B32D67A23B00DE800D97A58 /* RepoViewModel.swift in Sources */ = {isa = PBXBuildFile; fileRef = 4B32D67923B00DE800D97A58 /* RepoViewModel.swift */; };
		4B32D67C23B00E7400D97A58 /* ReadmeResponse.swift in Sources */ = {isa = PBXBuildFile; fileRef = 4B32D67B23B00E7400D97A58 /* ReadmeResponse.swift */; };
		4B32D67F23B015C700D97A58 /* RepoView.swift in Sources */ = {isa = PBXBuildFile; fileRef = 4B32D67E23B015C700D97A58 /* RepoView.swift */; };
		4B32D68223B025AD00D97A58 /* WebViewController.swift in Sources */ = {isa = PBXBuildFile; fileRef = 4B32D68123B025AD00D97A58 /* WebViewController.swift */; };
		4B44866A23AE6BD000C89379 /* AppDelegate.swift in Sources */ = {isa = PBXBuildFile; fileRef = 4B44866923AE6BD000C89379 /* AppDelegate.swift */; };
		4B44866C23AE6BD000C89379 /* SceneDelegate.swift in Sources */ = {isa = PBXBuildFile; fileRef = 4B44866B23AE6BD000C89379 /* SceneDelegate.swift */; };
		4B44867323AE6BDA00C89379 /* Assets.xcassets in Resources */ = {isa = PBXBuildFile; fileRef = 4B44867223AE6BDA00C89379 /* Assets.xcassets */; };
		4B44867623AE6BDA00C89379 /* LaunchScreen.storyboard in Resources */ = {isa = PBXBuildFile; fileRef = 4B44867423AE6BDA00C89379 /* LaunchScreen.storyboard */; };
		4B44868023AE6D1000C89379 /* ReposListViewController.swift in Sources */ = {isa = PBXBuildFile; fileRef = 4B44867F23AE6D1000C89379 /* ReposListViewController.swift */; };
		4B44868223AE6E7800C89379 /* RepoViewController.swift in Sources */ = {isa = PBXBuildFile; fileRef = 4B44868123AE6E7800C89379 /* RepoViewController.swift */; };
		4B44868B23AE93B800C89379 /* ReposListView.swift in Sources */ = {isa = PBXBuildFile; fileRef = 4B44868A23AE93B800C89379 /* ReposListView.swift */; };
		AC93B948630CE03F7DB14F1B /* Pods_GitRx.framework in Frameworks */ = {isa = PBXBuildFile; fileRef = 809911CA4F27D23391284A65 /* Pods_GitRx.framework */; };
/* End PBXBuildFile section */

/* Begin PBXFileReference section */
		2E6246EF2F181CB6C0C34671 /* Pods-GitRx.release.xcconfig */ = {isa = PBXFileReference; includeInIndex = 1; lastKnownFileType = text.xcconfig; name = "Pods-GitRx.release.xcconfig"; path = "Target Support Files/Pods-GitRx/Pods-GitRx.release.xcconfig"; sourceTree = "<group>"; };
		4B32D66223AEADC900D97A58 /* RepoTableViewCell.swift */ = {isa = PBXFileReference; lastKnownFileType = sourcecode.swift; path = RepoTableViewCell.swift; sourceTree = "<group>"; };
		4B32D66523AF652300D97A58 /* HTTPClient.swift */ = {isa = PBXFileReference; lastKnownFileType = sourcecode.swift; path = HTTPClient.swift; sourceTree = "<group>"; };
		4B32D66A23AFAE0F00D97A58 /* MainResponse.swift */ = {isa = PBXFileReference; lastKnownFileType = sourcecode.swift; path = MainResponse.swift; sourceTree = "<group>"; };
		4B32D66C23AFAE2C00D97A58 /* RepoResponse.swift */ = {isa = PBXFileReference; lastKnownFileType = sourcecode.swift; path = RepoResponse.swift; sourceTree = "<group>"; };
		4B32D66E23AFAE4A00D97A58 /* OwnerResponse.swift */ = {isa = PBXFileReference; lastKnownFileType = sourcecode.swift; path = OwnerResponse.swift; sourceTree = "<group>"; };
		4B32D67023AFB7C400D97A58 /* ReposListViewModel.swift */ = {isa = PBXFileReference; lastKnownFileType = sourcecode.swift; path = ReposListViewModel.swift; sourceTree = "<group>"; };
		4B32D67323AFDD1300D97A58 /* ImageLoader.swift */ = {isa = PBXFileReference; lastKnownFileType = sourcecode.swift; path = ImageLoader.swift; sourceTree = "<group>"; };
		4B32D67923B00DE800D97A58 /* RepoViewModel.swift */ = {isa = PBXFileReference; lastKnownFileType = sourcecode.swift; path = RepoViewModel.swift; sourceTree = "<group>"; };
		4B32D67B23B00E7400D97A58 /* ReadmeResponse.swift */ = {isa = PBXFileReference; lastKnownFileType = sourcecode.swift; path = ReadmeResponse.swift; sourceTree = "<group>"; };
		4B32D67E23B015C700D97A58 /* RepoView.swift */ = {isa = PBXFileReference; lastKnownFileType = sourcecode.swift; path = RepoView.swift; sourceTree = "<group>"; };
		4B32D68123B025AD00D97A58 /* WebViewController.swift */ = {isa = PBXFileReference; lastKnownFileType = sourcecode.swift; path = WebViewController.swift; sourceTree = "<group>"; };
		4B44866623AE6BD000C89379 /* GitRx.app */ = {isa = PBXFileReference; explicitFileType = wrapper.application; includeInIndex = 0; path = GitRx.app; sourceTree = BUILT_PRODUCTS_DIR; };
		4B44866923AE6BD000C89379 /* AppDelegate.swift */ = {isa = PBXFileReference; lastKnownFileType = sourcecode.swift; path = AppDelegate.swift; sourceTree = "<group>"; };
		4B44866B23AE6BD000C89379 /* SceneDelegate.swift */ = {isa = PBXFileReference; lastKnownFileType = sourcecode.swift; path = SceneDelegate.swift; sourceTree = "<group>"; };
		4B44867223AE6BDA00C89379 /* Assets.xcassets */ = {isa = PBXFileReference; lastKnownFileType = folder.assetcatalog; path = Assets.xcassets; sourceTree = "<group>"; };
		4B44867523AE6BDA00C89379 /* Base */ = {isa = PBXFileReference; lastKnownFileType = file.storyboard; name = Base; path = Base.lproj/LaunchScreen.storyboard; sourceTree = "<group>"; };
		4B44867723AE6BDA00C89379 /* Info.plist */ = {isa = PBXFileReference; lastKnownFileType = text.plist.xml; path = Info.plist; sourceTree = "<group>"; };
		4B44867F23AE6D1000C89379 /* ReposListViewController.swift */ = {isa = PBXFileReference; lastKnownFileType = sourcecode.swift; path = ReposListViewController.swift; sourceTree = "<group>"; };
		4B44868123AE6E7800C89379 /* RepoViewController.swift */ = {isa = PBXFileReference; lastKnownFileType = sourcecode.swift; path = RepoViewController.swift; sourceTree = "<group>"; };
		4B44868A23AE93B800C89379 /* ReposListView.swift */ = {isa = PBXFileReference; lastKnownFileType = sourcecode.swift; path = ReposListView.swift; sourceTree = "<group>"; };
		809911CA4F27D23391284A65 /* Pods_GitRx.framework */ = {isa = PBXFileReference; explicitFileType = wrapper.framework; includeInIndex = 0; path = Pods_GitRx.framework; sourceTree = BUILT_PRODUCTS_DIR; };
		A96F04F92A7E6E29E62D0E64 /* Pods-GitRx.debug.xcconfig */ = {isa = PBXFileReference; includeInIndex = 1; lastKnownFileType = text.xcconfig; name = "Pods-GitRx.debug.xcconfig"; path = "Target Support Files/Pods-GitRx/Pods-GitRx.debug.xcconfig"; sourceTree = "<group>"; };
/* End PBXFileReference section */

/* Begin PBXFrameworksBuildPhase section */
		4B44866323AE6BD000C89379 /* Frameworks */ = {
			isa = PBXFrameworksBuildPhase;
			buildActionMask = 2147483647;
			files = (
				AC93B948630CE03F7DB14F1B /* Pods_GitRx.framework in Frameworks */,
			);
			runOnlyForDeploymentPostprocessing = 0;
		};
/* End PBXFrameworksBuildPhase section */

/* Begin PBXGroup section */
		4B32D66023AEAD9900D97A58 /* Views */ = {
			isa = PBXGroup;
			children = (
				4B32D66123AEADAB00D97A58 /* Cells */,
				4B44868A23AE93B800C89379 /* ReposListView.swift */,
			);
			path = Views;
			sourceTree = "<group>";
		};
		4B32D66123AEADAB00D97A58 /* Cells */ = {
			isa = PBXGroup;
			children = (
				4B32D66223AEADC900D97A58 /* RepoTableViewCell.swift */,
			);
			path = Cells;
			sourceTree = "<group>";
		};
		4B32D66423AF64FE00D97A58 /* Services */ = {
			isa = PBXGroup;
			children = (
				4B32D66523AF652300D97A58 /* HTTPClient.swift */,
				4B32D67323AFDD1300D97A58 /* ImageLoader.swift */,
			);
			path = Services;
			sourceTree = "<group>";
		};
		4B32D66823AFADA300D97A58 /* Entities */ = {
			isa = PBXGroup;
			children = (
				4B32D66923AFADBE00D97A58 /* ResponseEntities */,
			);
			path = Entities;
			sourceTree = "<group>";
		};
		4B32D66923AFADBE00D97A58 /* ResponseEntities */ = {
			isa = PBXGroup;
			children = (
				4B32D66A23AFAE0F00D97A58 /* MainResponse.swift */,
				4B32D66E23AFAE4A00D97A58 /* OwnerResponse.swift */,
				4B32D66C23AFAE2C00D97A58 /* RepoResponse.swift */,
				4B32D67B23B00E7400D97A58 /* ReadmeResponse.swift */,
			);
			path = ResponseEntities;
			sourceTree = "<group>";
		};
		4B32D67D23B015B700D97A58 /* Views */ = {
			isa = PBXGroup;
			children = (
				4B32D67E23B015C700D97A58 /* RepoView.swift */,
			);
			path = Views;
			sourceTree = "<group>";
		};
		4B32D68023B0259900D97A58 /* Web */ = {
			isa = PBXGroup;
			children = (
				4B32D68123B025AD00D97A58 /* WebViewController.swift */,
			);
			path = Web;
			sourceTree = "<group>";
		};
		4B44865D23AE6BD000C89379 = {
			isa = PBXGroup;
			children = (
				4B44866823AE6BD000C89379 /* GitRx */,
				4B44866723AE6BD000C89379 /* Products */,
				50E72518B7AE30EA8484A4E7 /* Pods */,
				70314789157B3DE1F36EFD1A /* Frameworks */,
			);
			sourceTree = "<group>";
		};
		4B44866723AE6BD000C89379 /* Products */ = {
			isa = PBXGroup;
			children = (
				4B44866623AE6BD000C89379 /* GitRx.app */,
			);
			name = Products;
			sourceTree = "<group>";
		};
		4B44866823AE6BD000C89379 /* GitRx */ = {
			isa = PBXGroup;
			children = (
				4B44868323AE75F800C89379 /* AppFiles */,
				4B32D66823AFADA300D97A58 /* Entities */,
				4B44868623AE764600C89379 /* Modules */,
				4B44868423AE762800C89379 /* Resources */,
				4B32D66423AF64FE00D97A58 /* Services */,
			);
			path = GitRx;
			sourceTree = "<group>";
		};
		4B44868323AE75F800C89379 /* AppFiles */ = {
			isa = PBXGroup;
			children = (
				4B44866923AE6BD000C89379 /* AppDelegate.swift */,
				4B44867723AE6BDA00C89379 /* Info.plist */,
				4B44867423AE6BDA00C89379 /* LaunchScreen.storyboard */,
				4B44866B23AE6BD000C89379 /* SceneDelegate.swift */,
			);
			path = AppFiles;
			sourceTree = "<group>";
		};
		4B44868423AE762800C89379 /* Resources */ = {
			isa = PBXGroup;
			children = (
				4B44868523AE763900C89379 /* Images */,
			);
			path = Resources;
			sourceTree = "<group>";
		};
		4B44868523AE763900C89379 /* Images */ = {
			isa = PBXGroup;
			children = (
				4B44867223AE6BDA00C89379 /* Assets.xcassets */,
			);
			path = Images;
			sourceTree = "<group>";
		};
		4B44868623AE764600C89379 /* Modules */ = {
			isa = PBXGroup;
			children = (
				4B32D68023B0259900D97A58 /* Web */,
				4B44868723AE765B00C89379 /* Repo */,
				4B44868923AE766800C89379 /* ReposList */,
			);
			path = Modules;
			sourceTree = "<group>";
		};
		4B44868723AE765B00C89379 /* Repo */ = {
			isa = PBXGroup;
			children = (
				4B32D67D23B015B700D97A58 /* Views */,
				4B44868123AE6E7800C89379 /* RepoViewController.swift */,
				4B32D67923B00DE800D97A58 /* RepoViewModel.swift */,
			);
			path = Repo;
			sourceTree = "<group>";
		};
		4B44868923AE766800C89379 /* ReposList */ = {
			isa = PBXGroup;
			children = (
				4B32D66023AEAD9900D97A58 /* Views */,
				4B44867F23AE6D1000C89379 /* ReposListViewController.swift */,
				4B32D67023AFB7C400D97A58 /* ReposListViewModel.swift */,
			);
			path = ReposList;
			sourceTree = "<group>";
		};
		50E72518B7AE30EA8484A4E7 /* Pods */ = {
			isa = PBXGroup;
			children = (
				A96F04F92A7E6E29E62D0E64 /* Pods-GitRx.debug.xcconfig */,
				2E6246EF2F181CB6C0C34671 /* Pods-GitRx.release.xcconfig */,
			);
			path = Pods;
			sourceTree = "<group>";
		};
		70314789157B3DE1F36EFD1A /* Frameworks */ = {
			isa = PBXGroup;
			children = (
				809911CA4F27D23391284A65 /* Pods_GitRx.framework */,
			);
			name = Frameworks;
			sourceTree = "<group>";
		};
/* End PBXGroup section */

/* Begin PBXNativeTarget section */
		4B44866523AE6BD000C89379 /* GitRx */ = {
			isa = PBXNativeTarget;
			buildConfigurationList = 4B44867A23AE6BDA00C89379 /* Build configuration list for PBXNativeTarget "GitRx" */;
			buildPhases = (
				0C6DCFCD4FEA8B3D0744EF5D /* [CP] Check Pods Manifest.lock */,
				4B44866223AE6BD000C89379 /* Sources */,
				4B44866323AE6BD000C89379 /* Frameworks */,
				4B44866423AE6BD000C89379 /* Resources */,
				2B083FB69537C785EB96B140 /* [CP] Embed Pods Frameworks */,
			);
			buildRules = (
			);
			dependencies = (
			);
			name = GitRx;
			productName = GitRx;
			productReference = 4B44866623AE6BD000C89379 /* GitRx.app */;
			productType = "com.apple.product-type.application";
		};
/* End PBXNativeTarget section */

/* Begin PBXProject section */
		4B44865E23AE6BD000C89379 /* Project object */ = {
			isa = PBXProject;
			attributes = {
				LastSwiftUpdateCheck = 1110;
				LastUpgradeCheck = 1110;
				ORGANIZATIONNAME = "Михаил Нечаев";
				TargetAttributes = {
					4B44866523AE6BD000C89379 = {
						CreatedOnToolsVersion = 11.1;
					};
				};
			};
			buildConfigurationList = 4B44866123AE6BD000C89379 /* Build configuration list for PBXProject "GitRx" */;
			compatibilityVersion = "Xcode 9.3";
			developmentRegion = en;
			hasScannedForEncodings = 0;
			knownRegions = (
				en,
				Base,
			);
			mainGroup = 4B44865D23AE6BD000C89379;
			productRefGroup = 4B44866723AE6BD000C89379 /* Products */;
			projectDirPath = "";
			projectRoot = "";
			targets = (
				4B44866523AE6BD000C89379 /* GitRx */,
			);
		};
/* End PBXProject section */

/* Begin PBXResourcesBuildPhase section */
		4B44866423AE6BD000C89379 /* Resources */ = {
			isa = PBXResourcesBuildPhase;
			buildActionMask = 2147483647;
			files = (
				4B44867623AE6BDA00C89379 /* LaunchScreen.storyboard in Resources */,
				4B44867323AE6BDA00C89379 /* Assets.xcassets in Resources */,
			);
			runOnlyForDeploymentPostprocessing = 0;
		};
/* End PBXResourcesBuildPhase section */

/* Begin PBXShellScriptBuildPhase section */
		0C6DCFCD4FEA8B3D0744EF5D /* [CP] Check Pods Manifest.lock */ = {
			isa = PBXShellScriptBuildPhase;
			buildActionMask = 2147483647;
			files = (
			);
			inputFileListPaths = (
			);
			inputPaths = (
				"${PODS_PODFILE_DIR_PATH}/Podfile.lock",
				"${PODS_ROOT}/Manifest.lock",
			);
			name = "[CP] Check Pods Manifest.lock";
			outputFileListPaths = (
			);
			outputPaths = (
				"$(DERIVED_FILE_DIR)/Pods-GitRx-checkManifestLockResult.txt",
			);
			runOnlyForDeploymentPostprocessing = 0;
			shellPath = /bin/sh;
			shellScript = "diff \"${PODS_PODFILE_DIR_PATH}/Podfile.lock\" \"${PODS_ROOT}/Manifest.lock\" > /dev/null\nif [ $? != 0 ] ; then\n    # print error to STDERR\n    echo \"error: The sandbox is not in sync with the Podfile.lock. Run 'pod install' or update your CocoaPods installation.\" >&2\n    exit 1\nfi\n# This output is used by Xcode 'outputs' to avoid re-running this script phase.\necho \"SUCCESS\" > \"${SCRIPT_OUTPUT_FILE_0}\"\n";
			showEnvVarsInLog = 0;
		};
		2B083FB69537C785EB96B140 /* [CP] Embed Pods Frameworks */ = {
			isa = PBXShellScriptBuildPhase;
			buildActionMask = 2147483647;
			files = (
			);
			inputFileListPaths = (
				"${PODS_ROOT}/Target Support Files/Pods-GitRx/Pods-GitRx-frameworks-${CONFIGURATION}-input-files.xcfilelist",
			);
			name = "[CP] Embed Pods Frameworks";
			outputFileListPaths = (
				"${PODS_ROOT}/Target Support Files/Pods-GitRx/Pods-GitRx-frameworks-${CONFIGURATION}-output-files.xcfilelist",
			);
			runOnlyForDeploymentPostprocessing = 0;
			shellPath = /bin/sh;
			shellScript = "\"${PODS_ROOT}/Target Support Files/Pods-GitRx/Pods-GitRx-frameworks.sh\"\n";
			showEnvVarsInLog = 0;
		};
/* End PBXShellScriptBuildPhase section */

/* Begin PBXSourcesBuildPhase section */
		4B44866223AE6BD000C89379 /* Sources */ = {
			isa = PBXSourcesBuildPhase;
			buildActionMask = 2147483647;
			files = (
				4B32D66F23AFAE4A00D97A58 /* OwnerResponse.swift in Sources */,
				4B44868223AE6E7800C89379 /* RepoViewController.swift in Sources */,
				4B32D67A23B00DE800D97A58 /* RepoViewModel.swift in Sources */,
				4B32D67423AFDD1300D97A58 /* ImageLoader.swift in Sources */,
				4B32D67F23B015C700D97A58 /* RepoView.swift in Sources */,
				4B32D66B23AFAE0F00D97A58 /* MainResponse.swift in Sources */,
				4B32D66D23AFAE2C00D97A58 /* RepoResponse.swift in Sources */,
				4B32D67C23B00E7400D97A58 /* ReadmeResponse.swift in Sources */,
				4B44866A23AE6BD000C89379 /* AppDelegate.swift in Sources */,
				4B32D67123AFB7C400D97A58 /* ReposListViewModel.swift in Sources */,
				4B44866C23AE6BD000C89379 /* SceneDelegate.swift in Sources */,
				4B32D66623AF652300D97A58 /* HTTPClient.swift in Sources */,
				4B44868B23AE93B800C89379 /* ReposListView.swift in Sources */,
				4B44868023AE6D1000C89379 /* ReposListViewController.swift in Sources */,
				4B32D66323AEADC900D97A58 /* RepoTableViewCell.swift in Sources */,
				4B32D68223B025AD00D97A58 /* WebViewController.swift in Sources */,
			);
			runOnlyForDeploymentPostprocessing = 0;
		};
/* End PBXSourcesBuildPhase section */

/* Begin PBXVariantGroup section */
		4B44867423AE6BDA00C89379 /* LaunchScreen.storyboard */ = {
			isa = PBXVariantGroup;
			children = (
				4B44867523AE6BDA00C89379 /* Base */,
			);
			name = LaunchScreen.storyboard;
			sourceTree = "<group>";
		};
/* End PBXVariantGroup section */

/* Begin XCBuildConfiguration section */
		4B44867823AE6BDA00C89379 /* Debug */ = {
			isa = XCBuildConfiguration;
			buildSettings = {
				ALWAYS_SEARCH_USER_PATHS = NO;
				CLANG_ANALYZER_NONNULL = YES;
				CLANG_ANALYZER_NUMBER_OBJECT_CONVERSION = YES_AGGRESSIVE;
				CLANG_CXX_LANGUAGE_STANDARD = "gnu++14";
				CLANG_CXX_LIBRARY = "libc++";
				CLANG_ENABLE_MODULES = YES;
				CLANG_ENABLE_OBJC_ARC = YES;
				CLANG_ENABLE_OBJC_WEAK = YES;
				CLANG_WARN_BLOCK_CAPTURE_AUTORELEASING = YES;
				CLANG_WARN_BOOL_CONVERSION = YES;
				CLANG_WARN_COMMA = YES;
				CLANG_WARN_CONSTANT_CONVERSION = YES;
				CLANG_WARN_DEPRECATED_OBJC_IMPLEMENTATIONS = YES;
				CLANG_WARN_DIRECT_OBJC_ISA_USAGE = YES_ERROR;
				CLANG_WARN_DOCUMENTATION_COMMENTS = YES;
				CLANG_WARN_EMPTY_BODY = YES;
				CLANG_WARN_ENUM_CONVERSION = YES;
				CLANG_WARN_INFINITE_RECURSION = YES;
				CLANG_WARN_INT_CONVERSION = YES;
				CLANG_WARN_NON_LITERAL_NULL_CONVERSION = YES;
				CLANG_WARN_OBJC_IMPLICIT_RETAIN_SELF = YES;
				CLANG_WARN_OBJC_LITERAL_CONVERSION = YES;
				CLANG_WARN_OBJC_ROOT_CLASS = YES_ERROR;
				CLANG_WARN_RANGE_LOOP_ANALYSIS = YES;
				CLANG_WARN_STRICT_PROTOTYPES = YES;
				CLANG_WARN_SUSPICIOUS_MOVE = YES;
				CLANG_WARN_UNGUARDED_AVAILABILITY = YES_AGGRESSIVE;
				CLANG_WARN_UNREACHABLE_CODE = YES;
				CLANG_WARN__DUPLICATE_METHOD_MATCH = YES;
				COPY_PHASE_STRIP = NO;
				DEBUG_INFORMATION_FORMAT = dwarf;
				ENABLE_STRICT_OBJC_MSGSEND = YES;
				ENABLE_TESTABILITY = YES;
				GCC_C_LANGUAGE_STANDARD = gnu11;
				GCC_DYNAMIC_NO_PIC = NO;
				GCC_NO_COMMON_BLOCKS = YES;
				GCC_OPTIMIZATION_LEVEL = 0;
				GCC_PREPROCESSOR_DEFINITIONS = (
					"DEBUG=1",
					"$(inherited)",
				);
				GCC_WARN_64_TO_32_BIT_CONVERSION = YES;
				GCC_WARN_ABOUT_RETURN_TYPE = YES_ERROR;
				GCC_WARN_UNDECLARED_SELECTOR = YES;
				GCC_WARN_UNINITIALIZED_AUTOS = YES_AGGRESSIVE;
				GCC_WARN_UNUSED_FUNCTION = YES;
				GCC_WARN_UNUSED_VARIABLE = YES;
				IPHONEOS_DEPLOYMENT_TARGET = 13.1;
				MTL_ENABLE_DEBUG_INFO = INCLUDE_SOURCE;
				MTL_FAST_MATH = YES;
				ONLY_ACTIVE_ARCH = YES;
				SDKROOT = iphoneos;
				SWIFT_ACTIVE_COMPILATION_CONDITIONS = DEBUG;
				SWIFT_OPTIMIZATION_LEVEL = "-Onone";
			};
			name = Debug;
		};
		4B44867923AE6BDA00C89379 /* Release */ = {
			isa = XCBuildConfiguration;
			buildSettings = {
				ALWAYS_SEARCH_USER_PATHS = NO;
				CLANG_ANALYZER_NONNULL = YES;
				CLANG_ANALYZER_NUMBER_OBJECT_CONVERSION = YES_AGGRESSIVE;
				CLANG_CXX_LANGUAGE_STANDARD = "gnu++14";
				CLANG_CXX_LIBRARY = "libc++";
				CLANG_ENABLE_MODULES = YES;
				CLANG_ENABLE_OBJC_ARC = YES;
				CLANG_ENABLE_OBJC_WEAK = YES;
				CLANG_WARN_BLOCK_CAPTURE_AUTORELEASING = YES;
				CLANG_WARN_BOOL_CONVERSION = YES;
				CLANG_WARN_COMMA = YES;
				CLANG_WARN_CONSTANT_CONVERSION = YES;
				CLANG_WARN_DEPRECATED_OBJC_IMPLEMENTATIONS = YES;
				CLANG_WARN_DIRECT_OBJC_ISA_USAGE = YES_ERROR;
				CLANG_WARN_DOCUMENTATION_COMMENTS = YES;
				CLANG_WARN_EMPTY_BODY = YES;
				CLANG_WARN_ENUM_CONVERSION = YES;
				CLANG_WARN_INFINITE_RECURSION = YES;
				CLANG_WARN_INT_CONVERSION = YES;
				CLANG_WARN_NON_LITERAL_NULL_CONVERSION = YES;
				CLANG_WARN_OBJC_IMPLICIT_RETAIN_SELF = YES;
				CLANG_WARN_OBJC_LITERAL_CONVERSION = YES;
				CLANG_WARN_OBJC_ROOT_CLASS = YES_ERROR;
				CLANG_WARN_RANGE_LOOP_ANALYSIS = YES;
				CLANG_WARN_STRICT_PROTOTYPES = YES;
				CLANG_WARN_SUSPICIOUS_MOVE = YES;
				CLANG_WARN_UNGUARDED_AVAILABILITY = YES_AGGRESSIVE;
				CLANG_WARN_UNREACHABLE_CODE = YES;
				CLANG_WARN__DUPLICATE_METHOD_MATCH = YES;
				COPY_PHASE_STRIP = NO;
				DEBUG_INFORMATION_FORMAT = "dwarf-with-dsym";
				ENABLE_NS_ASSERTIONS = NO;
				ENABLE_STRICT_OBJC_MSGSEND = YES;
				GCC_C_LANGUAGE_STANDARD = gnu11;
				GCC_NO_COMMON_BLOCKS = YES;
				GCC_WARN_64_TO_32_BIT_CONVERSION = YES;
				GCC_WARN_ABOUT_RETURN_TYPE = YES_ERROR;
				GCC_WARN_UNDECLARED_SELECTOR = YES;
				GCC_WARN_UNINITIALIZED_AUTOS = YES_AGGRESSIVE;
				GCC_WARN_UNUSED_FUNCTION = YES;
				GCC_WARN_UNUSED_VARIABLE = YES;
				IPHONEOS_DEPLOYMENT_TARGET = 13.1;
				MTL_ENABLE_DEBUG_INFO = NO;
				MTL_FAST_MATH = YES;
				SDKROOT = iphoneos;
				SWIFT_COMPILATION_MODE = wholemodule;
				SWIFT_OPTIMIZATION_LEVEL = "-O";
				VALIDATE_PRODUCT = YES;
			};
			name = Release;
		};
		4B44867B23AE6BDA00C89379 /* Debug */ = {
			isa = XCBuildConfiguration;
			baseConfigurationReference = A96F04F92A7E6E29E62D0E64 /* Pods-GitRx.debug.xcconfig */;
			buildSettings = {
				ASSETCATALOG_COMPILER_APPICON_NAME = AppIcon;
				CODE_SIGN_STYLE = Automatic;
				DEVELOPMENT_TEAM = R7MGG2Y2XW;
				INFOPLIST_FILE = "$(SRCROOT)/GitRx/AppFiles/Info.plist";
				IPHONEOS_DEPLOYMENT_TARGET = 13.0;
				LD_RUNPATH_SEARCH_PATHS = (
					"$(inherited)",
					"@executable_path/Frameworks",
				);
				PRODUCT_BUNDLE_IDENTIFIER = NM.GitRx;
				PRODUCT_NAME = "$(TARGET_NAME)";
				SWIFT_VERSION = 5.0;
				TARGETED_DEVICE_FAMILY = "1,2";
			};
			name = Debug;
		};
		4B44867C23AE6BDA00C89379 /* Release */ = {
			isa = XCBuildConfiguration;
			baseConfigurationReference = 2E6246EF2F181CB6C0C34671 /* Pods-GitRx.release.xcconfig */;
			buildSettings = {
				ASSETCATALOG_COMPILER_APPICON_NAME = AppIcon;
				CODE_SIGN_STYLE = Automatic;
				DEVELOPMENT_TEAM = R7MGG2Y2XW;
				INFOPLIST_FILE = "$(SRCROOT)/GitRx/AppFiles/Info.plist";
				IPHONEOS_DEPLOYMENT_TARGET = 13.0;
				LD_RUNPATH_SEARCH_PATHS = (
					"$(inherited)",
					"@executable_path/Frameworks",
				);
				PRODUCT_BUNDLE_IDENTIFIER = NM.GitRx;
				PRODUCT_NAME = "$(TARGET_NAME)";
				SWIFT_VERSION = 5.0;
				TARGETED_DEVICE_FAMILY = "1,2";
			};
			name = Release;
		};
/* End XCBuildConfiguration section */

/* Begin XCConfigurationList section */
		4B44866123AE6BD000C89379 /* Build configuration list for PBXProject "GitRx" */ = {
			isa = XCConfigurationList;
			buildConfigurations = (
				4B44867823AE6BDA00C89379 /* Debug */,
				4B44867923AE6BDA00C89379 /* Release */,
			);
			defaultConfigurationIsVisible = 0;
			defaultConfigurationName = Release;
		};
		4B44867A23AE6BDA00C89379 /* Build configuration list for PBXNativeTarget "GitRx" */ = {
			isa = XCConfigurationList;
			buildConfigurations = (
				4B44867B23AE6BDA00C89379 /* Debug */,
				4B44867C23AE6BDA00C89379 /* Release */,
			);
			defaultConfigurationIsVisible = 0;
			defaultConfigurationName = Release;
		};
/* End XCConfigurationList section */
	};
	rootObject = 4B44865E23AE6BD000C89379 /* Project object */;
}
